
Microsoft Visual Studio Solution File, Format Version 12.00
# Visual Studio Version 16
VisualStudioVersion = 16.0.30611.23
MinimumVisualStudioVersion = 10.0.40219.1
Project("{FAE04EC0-301F-11D3-BF4B-00C04F79EFBC}") = "ReservationProcessor", "ReservationProcessor\ReservationProcessor.csproj", "{DC029CC6-50C0-45B7-B01C-1418B1BA224F}"
EndProject
Global
	GlobalSection(SolutionConfigurationPlatforms) = preSolution
		Debug|Any CPU = Debug|Any CPU
		Release|Any CPU = Release|Any CPU
	EndGlobalSection
	GlobalSection(ProjectConfigurationPlatforms) = postSolution
		{DC029CC6-50C0-45B7-B01C-1418B1BA224F}.Debug|Any CPU.ActiveCfg = Debug|Any CPU
		{DC029CC6-50C0-45B7-B01C-1418B1BA224F}.Debug|Any CPU.Build.0 = Debug|Any CPU
		{DC029CC6-50C0-45B7-B01C-1418B1BA224F}.Release|Any CPU.ActiveCfg = Release|Any CPU
		{DC029CC6-50C0-45B7-B01C-1418B1BA224F}.Release|Any CPU.Build.0 = Release|Any CPU
	EndGlobalSection
	GlobalSection(SolutionProperties) = preSolution
		HideSolutionNode = FALSE
	EndGlobalSection
	GlobalSection(ExtensibilityGlobals) = postSolution
		SolutionGuid = {358E5E20-171B-42FD-82CB-FF78BF38D269}
	EndGlobalSection
EndGlobal
